
Microsoft Visual Studio Solution File, Format Version 12.00
# Visual Studio Version 17
VisualStudioVersion = 17.4.33205.214
MinimumVisualStudioVersion = 10.0.40219.1
Project("{FAE04EC0-301F-11D3-BF4B-00C04F79EFBC}") = "ePortal.API", "ePortal.API\ePortal.API.csproj", "{C15AFAB7-0287-4B09-AB01-EEAFB9A2EE63}"
EndProject
Project("{2150E333-8FDC-42A3-9474-1A3956D46DE8}") = "ePortal.UI", "ePortal.UI", "{6278E91A-443B-4462-A2AC-59474EECB56F}"
EndProject
Global
	GlobalSection(SolutionConfigurationPlatforms) = preSolution
		Debug|Any CPU = Debug|Any CPU
		Release|Any CPU = Release|Any CPU
	EndGlobalSection
	GlobalSection(ProjectConfigurationPlatforms) = postSolution
		{C15AFAB7-0287-4B09-AB01-EEAFB9A2EE63}.Debug|Any CPU.ActiveCfg = Debug|Any CPU
		{C15AFAB7-0287-4B09-AB01-EEAFB9A2EE63}.Debug|Any CPU.Build.0 = Debug|Any CPU
		{C15AFAB7-0287-4B09-AB01-EEAFB9A2EE63}.Release|Any CPU.ActiveCfg = Release|Any CPU
		{C15AFAB7-0287-4B09-AB01-EEAFB9A2EE63}.Release|Any CPU.Build.0 = Release|Any CPU
	EndGlobalSection
	GlobalSection(SolutionProperties) = preSolution
		HideSolutionNode = FALSE
	EndGlobalSection
	GlobalSection(ExtensibilityGlobals) = postSolution
		SolutionGuid = {E3DA6EC6-07BB-465A-A4C8-42674494D0EA}
	EndGlobalSection
EndGlobal
